
Microsoft Visual Studio Solution File, Format Version 12.00
# Visual Studio Version 17
VisualStudioVersion = 17.5.33516.290
MinimumVisualStudioVersion = 10.0.40219.1
Project("{9A19103F-16F7-4668-BE54-9A1E7A4F7556}") = "LibraryTestAPI", "LibraryTestAPI.csproj", "{970D46F3-0759-4286-B66D-B6D7403DF56C}"
EndProject
Project("{9A19103F-16F7-4668-BE54-9A1E7A4F7556}") = "NUnit_API", "..\NUnit_APIv1\NUnit_API.csproj", "{F64320C7-674D-47FD-82BD-44F337D2341F}"
EndProject
Global
	GlobalSection(SolutionConfigurationPlatforms) = preSolution
		Debug|Any CPU = Debug|Any CPU
		Release|Any CPU = Release|Any CPU
	EndGlobalSection
	GlobalSection(ProjectConfigurationPlatforms) = postSolution
		{970D46F3-0759-4286-B66D-B6D7403DF56C}.Debug|Any CPU.ActiveCfg = Debug|Any CPU
		{970D46F3-0759-4286-B66D-B6D7403DF56C}.Debug|Any CPU.Build.0 = Debug|Any CPU
		{970D46F3-0759-4286-B66D-B6D7403DF56C}.Release|Any CPU.ActiveCfg = Release|Any CPU
		{970D46F3-0759-4286-B66D-B6D7403DF56C}.Release|Any CPU.Build.0 = Release|Any CPU
		{F64320C7-674D-47FD-82BD-44F337D2341F}.Debug|Any CPU.ActiveCfg = Debug|Any CPU
		{F64320C7-674D-47FD-82BD-44F337D2341F}.Debug|Any CPU.Build.0 = Debug|Any CPU
		{F64320C7-674D-47FD-82BD-44F337D2341F}.Release|Any CPU.ActiveCfg = Release|Any CPU
		{F64320C7-674D-47FD-82BD-44F337D2341F}.Release|Any CPU.Build.0 = Release|Any CPU
	EndGlobalSection
	GlobalSection(SolutionProperties) = preSolution
		HideSolutionNode = FALSE
	EndGlobalSection
	GlobalSection(ExtensibilityGlobals) = postSolution
		SolutionGuid = {60C8E6EA-6D66-4A43-BCA4-AE916320D596}
	EndGlobalSection
EndGlobal
